
Microsoft Visual Studio Solution File, Format Version 12.00
# Visual Studio Version 17
VisualStudioVersion = 17.5.001.0
MinimumVisualStudioVersion = 10.0.40219.1
Project("{9A19103F-16F7-4668-BE54-9A1E7A4F7556}") = "task1", "task1.csproj", "{B2CF7BB7-4F6D-45B7-BCB4-961E5CD9E870}"
EndProject
Global
	GlobalSection(SolutionConfigurationPlatforms) = preSolution
		Debug|Any CPU = Debug|Any CPU
		Release|Any CPU = Release|Any CPU
	EndGlobalSection
	GlobalSection(ProjectConfigurationPlatforms) = postSolution
		{B2CF7BB7-4F6D-45B7-BCB4-961E5CD9E870}.Debug|Any CPU.ActiveCfg = Debug|Any CPU
		{B2CF7BB7-4F6D-45B7-BCB4-961E5CD9E870}.Debug|Any CPU.Build.0 = Debug|Any CPU
		{B2CF7BB7-4F6D-45B7-BCB4-961E5CD9E870}.Release|Any CPU.ActiveCfg = Release|Any CPU
		{B2CF7BB7-4F6D-45B7-BCB4-961E5CD9E870}.Release|Any CPU.Build.0 = Release|Any CPU
	EndGlobalSection
	GlobalSection(SolutionProperties) = preSolution
		HideSolutionNode = FALSE
	EndGlobalSection
	GlobalSection(ExtensibilityGlobals) = postSolution
		SolutionGuid = {1EFCD44B-8BC6-4FBD-9712-80AF0630AC28}
	EndGlobalSection
EndGlobal
